
Microsoft Visual Studio Solution File, Format Version 12.00
# Visual Studio 15
VisualStudioVersion = 15.0.28307.329
MinimumVisualStudioVersion = 10.0.40219.1
Project("{FAE04EC0-301F-11D3-BF4B-00C04F79EFBC}") = "Mobile_shop_Management_System", "Mobile_shop_Management_System\Mobile_shop_Management_System.csproj", "{F2FD5F6A-CB33-4096-86AF-6712AEC1D451}"
EndProject
Global
	GlobalSection(SolutionConfigurationPlatforms) = preSolution
		Debug|Any CPU = Debug|Any CPU
		Release|Any CPU = Release|Any CPU
	EndGlobalSection
	GlobalSection(ProjectConfigurationPlatforms) = postSolution
		{F2FD5F6A-CB33-4096-86AF-6712AEC1D451}.Debug|Any CPU.ActiveCfg = Debug|Any CPU
		{F2FD5F6A-CB33-4096-86AF-6712AEC1D451}.Debug|Any CPU.Build.0 = Debug|Any CPU
		{F2FD5F6A-CB33-4096-86AF-6712AEC1D451}.Release|Any CPU.ActiveCfg = Release|Any CPU
		{F2FD5F6A-CB33-4096-86AF-6712AEC1D451}.Release|Any CPU.Build.0 = Release|Any CPU
	EndGlobalSection
	GlobalSection(SolutionProperties) = preSolution
		HideSolutionNode = FALSE
	EndGlobalSection
	GlobalSection(ExtensibilityGlobals) = postSolution
		SolutionGuid = {C8E2EF8D-0C40-4C84-B8D9-97C03A1796A5}
	EndGlobalSection
EndGlobal
